
Microsoft Visual Studio Solution File, Format Version 12.00
# Visual Studio Version 16
VisualStudioVersion = 16.0.32228.343
MinimumVisualStudioVersion = 10.0.40219.1
Project("{9A19103F-16F7-4668-BE54-9A1E7A4F7556}") = "Bakery", "Bakery\Bakery.csproj", "{EFA149DF-31CA-4C2F-82E3-EE0CCC2969E0}"
EndProject
Project("{2150E333-8FDC-42A3-9474-1A3956D46DE8}") = "Solution Items", "Solution Items", "{11CDF0EB-A015-4C8A-ABC7-44DE0F29CE0A}"
	ProjectSection(SolutionItems) = preProject
		.editorconfig = .editorconfig
	EndProjectSection
EndProject
Global
	GlobalSection(SolutionConfigurationPlatforms) = preSolution
		Debug|Any CPU = Debug|Any CPU
		Release|Any CPU = Release|Any CPU
	EndGlobalSection
	GlobalSection(ProjectConfigurationPlatforms) = postSolution
		{EFA149DF-31CA-4C2F-82E3-EE0CCC2969E0}.Debug|Any CPU.ActiveCfg = Debug|Any CPU
		{EFA149DF-31CA-4C2F-82E3-EE0CCC2969E0}.Debug|Any CPU.Build.0 = Debug|Any CPU
		{EFA149DF-31CA-4C2F-82E3-EE0CCC2969E0}.Release|Any CPU.ActiveCfg = Release|Any CPU
		{EFA149DF-31CA-4C2F-82E3-EE0CCC2969E0}.Release|Any CPU.Build.0 = Release|Any CPU
	EndGlobalSection
	GlobalSection(SolutionProperties) = preSolution
		HideSolutionNode = FALSE
	EndGlobalSection
	GlobalSection(ExtensibilityGlobals) = postSolution
		SolutionGuid = {62A8937E-6DC2-4366-86CF-8C870A941776}
	EndGlobalSection
EndGlobal
